PODS:
  - Alamofire (4.5.1)
  - Runes (4.1.0)
  - SwiftyJSON (3.1.4)

DEPENDENCIES:
  - Alamofire (~> 4.4)
  - Runes
  - SwiftyJSON

SPEC CHECKSUMS:
  Alamofire: 2d95912bf4c34f164fdfc335872e8c312acaea4a
  Runes: 72a67a5bbbe1b5fdae08b5a01b10c60d83fc69aa
  SwiftyJSON: c2842d878f95482ffceec5709abc3d05680c0220

PODFILE CHECKSUM: 295c3e68578599d0f0eebb242087fc3f82209a60

COCOAPODS: 1.3.1
